
Microsoft Visual Studio Solution File, Format Version 12.00
# Visual Studio 15
VisualStudioVersion = 15.0.27428.2015
MinimumVisualStudioVersion = 10.0.40219.1
Project("{8BC9CEB8-8B4A-11D0-8D11-00A0C91BC942}") = "Opportunity", "Opportunity\Opportunity.vcxproj", "{A09C3DB4-8D53-44B2-A609-95DAC19E75C8}"
EndProject
Project("{8BC9CEB8-8B4A-11D0-8D11-00A0C91BC942}") = "ScriptManager", "ScriptManager\ScriptManager.vcxproj", "{45122DD7-90F4-4D07-92C2-E63C2DA70CAE}"
EndProject
Project("{8BC9CEB8-8B4A-11D0-8D11-00A0C91BC942}") = "Game", "Game\Game.vcxproj", "{FDE34086-5020-4AC5-A61E-8F1C06A4FD05}"
	ProjectSection(ProjectDependencies) = postProject
		{A09C3DB4-8D53-44B2-A609-95DAC19E75C8} = {A09C3DB4-8D53-44B2-A609-95DAC19E75C8}
	EndProjectSection
EndProject
Project("{8BC9CEB8-8B4A-11D0-8D11-00A0C91BC942}") = "Api", "Api\Api.vcxproj", "{DE4265C4-1274-404A-8548-0A6C3CF59DB9}"
	ProjectSection(ProjectDependencies) = postProject
		{A09C3DB4-8D53-44B2-A609-95DAC19E75C8} = {A09C3DB4-8D53-44B2-A609-95DAC19E75C8}
	EndProjectSection
EndProject
Project("{2150E333-8FDC-42A3-9474-1A3956D46DE8}") = "Solution Items", "Solution Items", "{39BE363A-785D-4779-A6DC-D54C63FA1201}"
	ProjectSection(SolutionItems) = preProject
		_TODO.txt = _TODO.txt
	EndProjectSection
EndProject
Global
	GlobalSection(SolutionConfigurationPlatforms) = preSolution
		Debug|Any CPU = Debug|Any CPU
		Debug|x64 = Debug|x64
		Debug|x86 = Debug|x86
		Release|Any CPU = Release|Any CPU
		Release|x64 = Release|x64
		Release|x86 = Release|x86
	EndGlobalSection
	GlobalSection(ProjectConfigurationPlatforms) = postSolution
		{A09C3DB4-8D53-44B2-A609-95DAC19E75C8}.Debug|Any CPU.ActiveCfg = Debug|Win32
		{A09C3DB4-8D53-44B2-A609-95DAC19E75C8}.Debug|x64.ActiveCfg = Debug|x64
		{A09C3DB4-8D53-44B2-A609-95DAC19E75C8}.Debug|x64.Build.0 = Debug|x64
		{A09C3DB4-8D53-44B2-A609-95DAC19E75C8}.Debug|x86.ActiveCfg = Debug|Win32
		{A09C3DB4-8D53-44B2-A609-95DAC19E75C8}.Debug|x86.Build.0 = Debug|Win32
		{A09C3DB4-8D53-44B2-A609-95DAC19E75C8}.Release|Any CPU.ActiveCfg = Release|Win32
		{A09C3DB4-8D53-44B2-A609-95DAC19E75C8}.Release|x64.ActiveCfg = Release|x64
		{A09C3DB4-8D53-44B2-A609-95DAC19E75C8}.Release|x64.Build.0 = Release|x64
		{A09C3DB4-8D53-44B2-A609-95DAC19E75C8}.Release|x86.ActiveCfg = Release|Win32
		{A09C3DB4-8D53-44B2-A609-95DAC19E75C8}.Release|x86.Build.0 = Release|Win32
		{45122DD7-90F4-4D07-92C2-E63C2DA70CAE}.Debug|Any CPU.ActiveCfg = Debug|Win32
		{45122DD7-90F4-4D07-92C2-E63C2DA70CAE}.Debug|x64.ActiveCfg = Debug|x64
		{45122DD7-90F4-4D07-92C2-E63C2DA70CAE}.Debug|x64.Build.0 = Debug|x64
		{45122DD7-90F4-4D07-92C2-E63C2DA70CAE}.Debug|x86.ActiveCfg = Debug|Win32
		{45122DD7-90F4-4D07-92C2-E63C2DA70CAE}.Debug|x86.Build.0 = Debug|Win32
		{45122DD7-90F4-4D07-92C2-E63C2DA70CAE}.Release|Any CPU.ActiveCfg = Release|Win32
		{45122DD7-90F4-4D07-92C2-E63C2DA70CAE}.Release|x64.ActiveCfg = Release|x64
		{45122DD7-90F4-4D07-92C2-E63C2DA70CAE}.Release|x64.Build.0 = Release|x64
		{45122DD7-90F4-4D07-92C2-E63C2DA70CAE}.Release|x86.ActiveCfg = Release|Win32
		{45122DD7-90F4-4D07-92C2-E63C2DA70CAE}.Release|x86.Build.0 = Release|Win32
		{FDE34086-5020-4AC5-A61E-8F1C06A4FD05}.Debug|Any CPU.ActiveCfg = Debug|Win32
		{FDE34086-5020-4AC5-A61E-8F1C06A4FD05}.Debug|x64.ActiveCfg = Debug|x64
		{FDE34086-5020-4AC5-A61E-8F1C06A4FD05}.Debug|x64.Build.0 = Debug|x64
		{FDE34086-5020-4AC5-A61E-8F1C06A4FD05}.Debug|x86.ActiveCfg = Debug|Win32
		{FDE34086-5020-4AC5-A61E-8F1C06A4FD05}.Debug|x86.Build.0 = Debug|Win32
		{FDE34086-5020-4AC5-A61E-8F1C06A4FD05}.Release|Any CPU.ActiveCfg = Release|Win32
		{FDE34086-5020-4AC5-A61E-8F1C06A4FD05}.Release|x64.ActiveCfg = Release|x64
		{FDE34086-5020-4AC5-A61E-8F1C06A4FD05}.Release|x64.Build.0 = Release|x64
		{FDE34086-5020-4AC5-A61E-8F1C06A4FD05}.Release|x86.ActiveCfg = Release|Win32
		{FDE34086-5020-4AC5-A61E-8F1C06A4FD05}.Release|x86.Build.0 = Release|Win32
		{DE4265C4-1274-404A-8548-0A6C3CF59DB9}.Debug|Any CPU.ActiveCfg = Debug|Win32
		{DE4265C4-1274-404A-8548-0A6C3CF59DB9}.Debug|x64.ActiveCfg = Debug|x64
		{DE4265C4-1274-404A-8548-0A6C3CF59DB9}.Debug|x64.Build.0 = Debug|x64
		{DE4265C4-1274-404A-8548-0A6C3CF59DB9}.Debug|x86.ActiveCfg = Debug|Win32
		{DE4265C4-1274-404A-8548-0A6C3CF59DB9}.Debug|x86.Build.0 = Debug|Win32
		{DE4265C4-1274-404A-8548-0A6C3CF59DB9}.Release|Any CPU.ActiveCfg = Release|Win32
		{DE4265C4-1274-404A-8548-0A6C3CF59DB9}.Release|x64.ActiveCfg = Release|x64
		{DE4265C4-1274-404A-8548-0A6C3CF59DB9}.Release|x64.Build.0 = Release|x64
		{DE4265C4-1274-404A-8548-0A6C3CF59DB9}.Release|x86.ActiveCfg = Release|Win32
		{DE4265C4-1274-404A-8548-0A6C3CF59DB9}.Release|x86.Build.0 = Release|Win32
	EndGlobalSection
	GlobalSection(SolutionProperties) = preSolution
		HideSolutionNode = FALSE
	EndGlobalSection
	GlobalSection(ExtensibilityGlobals) = postSolution
		SolutionGuid = {2E8F82C3-EA68-4152-BD47-83C0925C2DDF}
	EndGlobalSection
EndGlobal
