<?xml version="1.0" encoding="utf-8"?>
<Project ToolsVersion="4.0" xmlns="http://schemas.microsoft.com/developer/msbuild/2003">
  <ItemGroup>
    <Filter Include="Shaders">
      <UniqueIdentifier>{c7f355c1-e172-438a-beb0-d445f53eaf34}</UniqueIdentifier>
    </Filter>
    <Filter Include="Game">
      <UniqueIdentifier>{f0395397-6a0e-4bd0-83db-a00d161e4dba}</UniqueIdentifier>
    </Filter>
  </ItemGroup>
  <ItemGroup>
    <ClInclude Include="Color.h" />
    <ClInclude Include="Entity.h" />
    <ClInclude Include="Game.h" />
    <ClInclude Include="Model.h" />
    <ClInclude Include="Object.h" />
    <ClInclude Include="Player.h" />
    <ClInclude Include="ShaderProgram.h" />
    <ClInclude Include="Texture.h" />
    <ClInclude Include="Vector2.h" />
    <ClInclude Include="Window.h" />
    <ClInclude Include="Cube.h" />
  </ItemGroup>
  <ItemGroup>
    <ClCompile Include="Window.cpp" />
    <ClCompile Include="Color.cpp" />
    <ClCompile Include="Entity.cpp" />
    <ClCompile Include="Game.cpp" />
    <ClCompile Include="glad.c" />
    <ClCompile Include="main.cpp" />
    <ClCompile Include="Model.cpp" />
    <ClCompile Include="Object.cpp" />
    <ClCompile Include="Player.cpp" />
    <ClCompile Include="ShaderProgram.cpp" />
    <ClCompile Include="Texture.cpp" />
    <ClCompile Include="Vector2.cpp" />
    <ClCompile Include="Cube.cpp" />
  </ItemGroup>
  <ItemGroup>
    <Text Include="vertex.txt">
      <Filter>Shaders</Filter>
    </Text>
    <Text Include="fragment.txt">
      <Filter>Shaders</Filter>
    </Text>
  </ItemGroup>
</Project>