<?xml version="1.0" encoding="utf-8"?>
<Project ToolsVersion="4.0" xmlns="http://schemas.microsoft.com/developer/msbuild/2003">
  <ItemGroup>
    <Filter Include="Shaders">
      <UniqueIdentifier>{c7f355c1-e172-438a-beb0-d445f53eaf34}</UniqueIdentifier>
    </Filter>
    <Filter Include="Game">
      <UniqueIdentifier>{f0395397-6a0e-4bd0-83db-a00d161e4dba}</UniqueIdentifier>
    </Filter>
    <Filter Include="Engine">
      <UniqueIdentifier>{2aae033b-2924-4daa-9a68-0cbc7e451611}</UniqueIdentifier>
    </Filter>
    <Filter Include="Engine\Graphics">
      <UniqueIdentifier>{c6a16724-aa6b-424c-922c-f096a6eb0a0e}</UniqueIdentifier>
    </Filter>
    <Filter Include="Engine\Utils">
      <UniqueIdentifier>{3b6b5126-3690-4c80-9e4b-9e862b68087e}</UniqueIdentifier>
    </Filter>
  </ItemGroup>
  <ItemGroup>
    <ClInclude Include="Cube.h">
      <Filter>Game</Filter>
    </ClInclude>
    <ClInclude Include="Game.h">
      <Filter>Engine</Filter>
    </ClInclude>
    <ClInclude Include="Object.h">
      <Filter>Engine</Filter>
    </ClInclude>
    <ClInclude Include="Color.h">
      <Filter>Engine\Utils</Filter>
    </ClInclude>
    <ClInclude Include="Texture.h">
      <Filter>Engine\Graphics</Filter>
    </ClInclude>
    <ClInclude Include="Window.h">
      <Filter>Engine\Graphics</Filter>
    </ClInclude>
    <ClInclude Include="ShaderProgram.h">
      <Filter>Engine\Graphics</Filter>
    </ClInclude>
    <ClInclude Include="Model.h">
      <Filter>Engine\Utils</Filter>
    </ClInclude>
    <ClInclude Include="Entity.h">
      <Filter>Game</Filter>
    </ClInclude>
    <ClInclude Include="Player.h">
      <Filter>Game</Filter>
    </ClInclude>
    <ClInclude Include="Camera.h" />
    <ClInclude Include="Input.h" />
    <ClInclude Include="..\ScriptManager\Compiler.h" />
    <ClInclude Include="Unit.h">
      <Filter>Game</Filter>
    </ClInclude>
    <ClInclude Include="Vector2.h">
      <Filter>Engine\Utils</Filter>
    </ClInclude>
    <ClInclude Include="Api.h" />
    <ClInclude Include="ScriptLibrary.h" />
    <ClInclude Include="AbstractScript.h">
      <Filter>Game</Filter>
    </ClInclude>
    <ClInclude Include="Script.h" />
  </ItemGroup>
  <ItemGroup>
    <ClCompile Include="glad.c" />
    <ClCompile Include="main.cpp" />
    <ClCompile Include="Cube.cpp">
      <Filter>Game</Filter>
    </ClCompile>
    <ClCompile Include="Game.cpp">
      <Filter>Engine</Filter>
    </ClCompile>
    <ClCompile Include="Object.cpp">
      <Filter>Engine</Filter>
    </ClCompile>
    <ClCompile Include="Color.cpp">
      <Filter>Engine\Utils</Filter>
    </ClCompile>
    <ClCompile Include="Texture.cpp">
      <Filter>Engine\Graphics</Filter>
    </ClCompile>
    <ClCompile Include="Window.cpp">
      <Filter>Engine\Graphics</Filter>
    </ClCompile>
    <ClCompile Include="ShaderProgram.cpp">
      <Filter>Engine\Graphics</Filter>
    </ClCompile>
    <ClCompile Include="Model.cpp">
      <Filter>Engine\Utils</Filter>
    </ClCompile>
    <ClCompile Include="Entity.cpp">
      <Filter>Game</Filter>
    </ClCompile>
    <ClCompile Include="Player.cpp">
      <Filter>Game</Filter>
    </ClCompile>
    <ClCompile Include="Camera.cpp" />
    <ClCompile Include="Input.cpp" />
    <ClCompile Include="Unit.cpp">
      <Filter>Game</Filter>
    </ClCompile>
    <ClCompile Include="Vector2.cpp">
      <Filter>Engine\Utils</Filter>
    </ClCompile>
    <ClCompile Include="Api.cpp" />
    <ClCompile Include="ScriptLibrary.cpp" />
    <ClCompile Include="AbstractScript.cpp">
      <Filter>Game</Filter>
    </ClCompile>
    <ClCompile Include="Script.cpp" />
  </ItemGroup>
  <ItemGroup>
    <Text Include="vertex.txt">
      <Filter>Shaders</Filter>
    </Text>
    <Text Include="fragment.txt">
      <Filter>Shaders</Filter>
    </Text>
  </ItemGroup>
</Project>